
Microsoft Visual Studio Solution File, Format Version 12.00
# Visual Studio Version 17
VisualStudioVersion = 17.8.34330.188
MinimumVisualStudioVersion = 10.0.40219.1
Project("{FAE04EC0-301F-11D3-BF4B-00C04F79EFBC}") = "ETukaan", "ETukaan\ETukaan.csproj", "{BD3BEC41-3FD0-41B7-84CC-7874F25B7754}"
EndProject
Global
	GlobalSection(SolutionConfigurationPlatforms) = preSolution
		Debug|Any CPU = Debug|Any CPU
		Release|Any CPU = Release|Any CPU
	EndGlobalSection
	GlobalSection(ProjectConfigurationPlatforms) = postSolution
		{BD3BEC41-3FD0-41B7-84CC-7874F25B7754}.Debug|Any CPU.ActiveCfg = Debug|Any CPU
		{BD3BEC41-3FD0-41B7-84CC-7874F25B7754}.Debug|Any CPU.Build.0 = Debug|Any CPU
		{BD3BEC41-3FD0-41B7-84CC-7874F25B7754}.Release|Any CPU.ActiveCfg = Release|Any CPU
		{BD3BEC41-3FD0-41B7-84CC-7874F25B7754}.Release|Any CPU.Build.0 = Release|Any CPU
	EndGlobalSection
	GlobalSection(SolutionProperties) = preSolution
		HideSolutionNode = FALSE
	EndGlobalSection
	GlobalSection(ExtensibilityGlobals) = postSolution
		SolutionGuid = {23C91972-8F64-496E-AE6F-9A11EEC1EAD4}
	EndGlobalSection
EndGlobal
